
Microsoft Visual Studio Solution File, Format Version 12.00
# Visual Studio Version 17
VisualStudioVersion = 17.13.35919.96 d17.13
MinimumVisualStudioVersion = 10.0.40219.1
Project("{FAE04EC0-301F-11D3-BF4B-00C04F79EFBC}") = "WolfKillCounter", "WolfKillCounter\WolfKillCounter.csproj", "{A1F22A6C-3D83-457A-A4F2-680C82D0FF23}"
EndProject
Project("{FAE04EC0-301F-11D3-BF4B-00C04F79EFBC}") = "CakeBuild", "ZZCakeBuild\CakeBuild.csproj", "{184464ED-096B-49B5-B693-C4CABE8FF8A9}"
EndProject
Global
	GlobalSection(SolutionConfigurationPlatforms) = preSolution
		Debug|Any CPU = Debug|Any CPU
		Release|Any CPU = Release|Any CPU
	EndGlobalSection
	GlobalSection(ProjectConfigurationPlatforms) = postSolution
		{A1F22A6C-3D83-457A-A4F2-680C82D0FF23}.Debug|Any CPU.ActiveCfg = Debug|Any CPU
		{A1F22A6C-3D83-457A-A4F2-680C82D0FF23}.Debug|Any CPU.Build.0 = Debug|Any CPU
		{A1F22A6C-3D83-457A-A4F2-680C82D0FF23}.Release|Any CPU.ActiveCfg = Release|Any CPU
		{A1F22A6C-3D83-457A-A4F2-680C82D0FF23}.Release|Any CPU.Build.0 = Release|Any CPU
		{184464ED-096B-49B5-B693-C4CABE8FF8A9}.Debug|Any CPU.ActiveCfg = Debug|Any CPU
		{184464ED-096B-49B5-B693-C4CABE8FF8A9}.Debug|Any CPU.Build.0 = Debug|Any CPU
		{184464ED-096B-49B5-B693-C4CABE8FF8A9}.Release|Any CPU.ActiveCfg = Release|Any CPU
		{184464ED-096B-49B5-B693-C4CABE8FF8A9}.Release|Any CPU.Build.0 = Release|Any CPU
	EndGlobalSection
	GlobalSection(SolutionProperties) = preSolution
		HideSolutionNode = FALSE
	EndGlobalSection
	GlobalSection(ExtensibilityGlobals) = postSolution
		SolutionGuid = {BDC78693-7B97-4286-BD9E-580B64485E5B}
	EndGlobalSection
EndGlobal
